
Microsoft Visual Studio Solution File, Format Version 12.00
# Visual Studio Version 17
VisualStudioVersion = 17.14.36623.8 d17.14
MinimumVisualStudioVersion = 10.0.40219.1
Project("{FAE04EC0-301F-11D3-BF4B-00C04F79EFBC}") = "api", "api\api.csproj", "{32061AFF-B243-483A-928E-5C46D57835C2}"
EndProject
Global
	GlobalSection(SolutionConfigurationPlatforms) = preSolution
		Debug|Any CPU = Debug|Any CPU
		Release|Any CPU = Release|Any CPU
	EndGlobalSection
	GlobalSection(ProjectConfigurationPlatforms) = postSolution
		{32061AFF-B243-483A-928E-5C46D57835C2}.Debug|Any CPU.ActiveCfg = Debug|Any CPU
		{32061AFF-B243-483A-928E-5C46D57835C2}.Debug|Any CPU.Build.0 = Debug|Any CPU
		{32061AFF-B243-483A-928E-5C46D57835C2}.Release|Any CPU.ActiveCfg = Release|Any CPU
		{32061AFF-B243-483A-928E-5C46D57835C2}.Release|Any CPU.Build.0 = Release|Any CPU
	EndGlobalSection
	GlobalSection(SolutionProperties) = preSolution
		HideSolutionNode = FALSE
	EndGlobalSection
	GlobalSection(ExtensibilityGlobals) = postSolution
		SolutionGuid = {801C643F-4CBA-4D11-869C-369DE9F5C876}
	EndGlobalSection
EndGlobal
